
Microsoft Visual Studio Solution File, Format Version 12.00
# Visual Studio Version 16
VisualStudioVersion = 16.0.31025.194
MinimumVisualStudioVersion = 10.0.40219.1
Project("{FAE04EC0-301F-11D3-BF4B-00C04F79EFBC}") = "Employee", "Employee\Employee.csproj", "{A9CC870B-C072-40BD-8AD2-08D9AE78A707}"
EndProject
Global
	GlobalSection(SolutionConfigurationPlatforms) = preSolution
		Debug|Any CPU = Debug|Any CPU
		Release|Any CPU = Release|Any CPU
	EndGlobalSection
	GlobalSection(ProjectConfigurationPlatforms) = postSolution
		{A9CC870B-C072-40BD-8AD2-08D9AE78A707}.Debug|Any CPU.ActiveCfg = Debug|Any CPU
		{A9CC870B-C072-40BD-8AD2-08D9AE78A707}.Debug|Any CPU.Build.0 = Debug|Any CPU
		{A9CC870B-C072-40BD-8AD2-08D9AE78A707}.Release|Any CPU.ActiveCfg = Release|Any CPU
		{A9CC870B-C072-40BD-8AD2-08D9AE78A707}.Release|Any CPU.Build.0 = Release|Any CPU
	EndGlobalSection
	GlobalSection(SolutionProperties) = preSolution
		HideSolutionNode = FALSE
	EndGlobalSection
	GlobalSection(ExtensibilityGlobals) = postSolution
		SolutionGuid = {FBA16184-CEFB-4A07-88B7-7A6612ADF5FF}
	EndGlobalSection
EndGlobal
