
Microsoft Visual Studio Solution File, Format Version 12.00
# Visual Studio Version 16
VisualStudioVersion = 16.0.31025.194
MinimumVisualStudioVersion = 10.0.40219.1
Project("{FAE04EC0-301F-11D3-BF4B-00C04F79EFBC}") = "StackDataStructure", "Stack\StackDataStructure.csproj", "{CBBE8CFB-F245-4522-89A8-546215B6ADBF}"
EndProject
Global
	GlobalSection(SolutionConfigurationPlatforms) = preSolution
		Debug|Any CPU = Debug|Any CPU
		Release|Any CPU = Release|Any CPU
	EndGlobalSection
	GlobalSection(ProjectConfigurationPlatforms) = postSolution
		{CBBE8CFB-F245-4522-89A8-546215B6ADBF}.Debug|Any CPU.ActiveCfg = Debug|Any CPU
		{CBBE8CFB-F245-4522-89A8-546215B6ADBF}.Debug|Any CPU.Build.0 = Debug|Any CPU
		{CBBE8CFB-F245-4522-89A8-546215B6ADBF}.Release|Any CPU.ActiveCfg = Release|Any CPU
		{CBBE8CFB-F245-4522-89A8-546215B6ADBF}.Release|Any CPU.Build.0 = Release|Any CPU
	EndGlobalSection
	GlobalSection(SolutionProperties) = preSolution
		HideSolutionNode = FALSE
	EndGlobalSection
	GlobalSection(ExtensibilityGlobals) = postSolution
		SolutionGuid = {E5F69E5F-B2B3-4CB4-8E51-CFD86C87CDA2}
	EndGlobalSection
EndGlobal
